// !$*UTF8*$!
{
	archiveVersion = 1;
	classes = {
	};
	objectVersion = 50;
	objects = {

/* Begin PBXBuildFile section */
		B375732F2245696C00FE82D2 /* AppDelegate.swift in Sources */ = {isa = PBXBuildFile; fileRef = B375732E2245696C00FE82D2 /* AppDelegate.swift */; };
		B37573312245696C00FE82D2 /* ViewController.swift in Sources */ = {isa = PBXBuildFile; fileRef = B37573302245696C00FE82D2 /* ViewController.swift */; };
		B37573342245696C00FE82D2 /* Main.storyboard in Resources */ = {isa = PBXBuildFile; fileRef = B37573322245696C00FE82D2 /* Main.storyboard */; };
		B37573362245696E00FE82D2 /* Assets.xcassets in Resources */ = {isa = PBXBuildFile; fileRef = B37573352245696E00FE82D2 /* Assets.xcassets */; };
		B37573392245696E00FE82D2 /* LaunchScreen.storyboard in Resources */ = {isa = PBXBuildFile; fileRef = B37573372245696E00FE82D2 /* LaunchScreen.storyboard */; };
		B375734F22457A7900FE82D2 /* GitHubQuery.swift in Sources */ = {isa = PBXBuildFile; fileRef = B375734E22457A7900FE82D2 /* GitHubQuery.swift */; };
		B394E3882246FD3F00259E6E /* GitHubQueryTests.swift in Sources */ = {isa = PBXBuildFile; fileRef = B394E3872246FD3F00259E6E /* GitHubQueryTests.swift */; };
/* End PBXBuildFile section */

/* Begin PBXContainerItemProxy section */
		B37573402245696E00FE82D2 /* PBXContainerItemProxy */ = {
			isa = PBXContainerItemProxy;
			containerPortal = B37573232245696C00FE82D2 /* Project object */;
			proxyType = 1;
			remoteGlobalIDString = B375732A2245696C00FE82D2;
			remoteInfo = "GitHub Browser";
		};
/* End PBXContainerItemProxy section */

/* Begin PBXFileReference section */
		B375732B2245696C00FE82D2 /* GitHub Browser.app */ = {isa = PBXFileReference; explicitFileType = wrapper.application; includeInIndex = 0; path = "GitHub Browser.app"; sourceTree = BUILT_PRODUCTS_DIR; };
		B375732E2245696C00FE82D2 /* AppDelegate.swift */ = {isa = PBXFileReference; lastKnownFileType = sourcecode.swift; path = AppDelegate.swift; sourceTree = "<group>"; };
		B37573302245696C00FE82D2 /* ViewController.swift */ = {isa = PBXFileReference; lastKnownFileType = sourcecode.swift; path = ViewController.swift; sourceTree = "<group>"; };
		B37573332245696C00FE82D2 /* Base */ = {isa = PBXFileReference; lastKnownFileType = file.storyboard; name = Base; path = Base.lproj/Main.storyboard; sourceTree = "<group>"; };
		B37573352245696E00FE82D2 /* Assets.xcassets */ = {isa = PBXFileReference; lastKnownFileType = folder.assetcatalog; path = Assets.xcassets; sourceTree = "<group>"; };
		B37573382245696E00FE82D2 /* Base */ = {isa = PBXFileReference; lastKnownFileType = file.storyboard; name = Base; path = Base.lproj/LaunchScreen.storyboard; sourceTree = "<group>"; };
		B375733A2245696E00FE82D2 /* Info.plist */ = {isa = PBXFileReference; lastKnownFileType = text.plist.xml; path = Info.plist; sourceTree = "<group>"; };
		B375733F2245696E00FE82D2 /* GitHub BrowserTests.xctest */ = {isa = PBXFileReference; explicitFileType = wrapper.cfbundle; includeInIndex = 0; path = "GitHub BrowserTests.xctest"; sourceTree = BUILT_PRODUCTS_DIR; };
		B37573452245696E00FE82D2 /* Info.plist */ = {isa = PBXFileReference; lastKnownFileType = text.plist.xml; path = Info.plist; sourceTree = "<group>"; };
		B375734E22457A7900FE82D2 /* GitHubQuery.swift */ = {isa = PBXFileReference; lastKnownFileType = sourcecode.swift; path = GitHubQuery.swift; sourceTree = "<group>"; };
		B394E3872246FD3F00259E6E /* GitHubQueryTests.swift */ = {isa = PBXFileReference; lastKnownFileType = sourcecode.swift; path = GitHubQueryTests.swift; sourceTree = "<group>"; };
/* End PBXFileReference section */

/* Begin PBXFrameworksBuildPhase section */
		B37573282245696C00FE82D2 /* Frameworks */ = {
			isa = PBXFrameworksBuildPhase;
			buildActionMask = 2147483647;
			files = (
			);
			runOnlyForDeploymentPostprocessing = 0;
		};
		B375733C2245696E00FE82D2 /* Frameworks */ = {
			isa = PBXFrameworksBuildPhase;
			buildActionMask = 2147483647;
			files = (
			);
			runOnlyForDeploymentPostprocessing = 0;
		};
/* End PBXFrameworksBuildPhase section */

/* Begin PBXGroup section */
		B37573222245696C00FE82D2 = {
			isa = PBXGroup;
			children = (
				B375732D2245696C00FE82D2 /* GitHub Browser */,
				B37573422245696E00FE82D2 /* GitHub BrowserTests */,
				B375732C2245696C00FE82D2 /* Products */,
			);
			sourceTree = "<group>";
		};
		B375732C2245696C00FE82D2 /* Products */ = {
			isa = PBXGroup;
			children = (
				B375732B2245696C00FE82D2 /* GitHub Browser.app */,
				B375733F2245696E00FE82D2 /* GitHub BrowserTests.xctest */,
			);
			name = Products;
			sourceTree = "<group>";
		};
		B375732D2245696C00FE82D2 /* GitHub Browser */ = {
			isa = PBXGroup;
			children = (
				B375732E2245696C00FE82D2 /* AppDelegate.swift */,
				B37573302245696C00FE82D2 /* ViewController.swift */,
				B37573322245696C00FE82D2 /* Main.storyboard */,
				B37573352245696E00FE82D2 /* Assets.xcassets */,
				B37573372245696E00FE82D2 /* LaunchScreen.storyboard */,
				B375733A2245696E00FE82D2 /* Info.plist */,
				B375734E22457A7900FE82D2 /* GitHubQuery.swift */,
			);
			path = "GitHub Browser";
			sourceTree = "<group>";
		};
		B37573422245696E00FE82D2 /* GitHub BrowserTests */ = {
			isa = PBXGroup;
			children = (
				B37573452245696E00FE82D2 /* Info.plist */,
				B394E3872246FD3F00259E6E /* GitHubQueryTests.swift */,
			);
			path = "GitHub BrowserTests";
			sourceTree = "<group>";
		};
/* End PBXGroup section */

/* Begin PBXNativeTarget section */
		B375732A2245696C00FE82D2 /* GitHub Browser */ = {
			isa = PBXNativeTarget;
			buildConfigurationList = B37573482245696E00FE82D2 /* Build configuration list for PBXNativeTarget "GitHub Browser" */;
			buildPhases = (
				B37573272245696C00FE82D2 /* Sources */,
				B37573282245696C00FE82D2 /* Frameworks */,
				B37573292245696C00FE82D2 /* Resources */,
			);
			buildRules = (
			);
			dependencies = (
			);
			name = "GitHub Browser";
			productName = "GitHub Browser";
			productReference = B375732B2245696C00FE82D2 /* GitHub Browser.app */;
			productType = "com.apple.product-type.application";
		};
		B375733E2245696E00FE82D2 /* GitHub BrowserTests */ = {
			isa = PBXNativeTarget;
			buildConfigurationList = B375734B2245696E00FE82D2 /* Build configuration list for PBXNativeTarget "GitHub BrowserTests" */;
			buildPhases = (
				B375733B2245696E00FE82D2 /* Sources */,
				B375733C2245696E00FE82D2 /* Frameworks */,
				B375733D2245696E00FE82D2 /* Resources */,
			);
			buildRules = (
			);
			dependencies = (
				B37573412245696E00FE82D2 /* PBXTargetDependency */,
			);
			name = "GitHub BrowserTests";
			productName = "GitHub BrowserTests";
			productReference = B375733F2245696E00FE82D2 /* GitHub BrowserTests.xctest */;
			productType = "com.apple.product-type.bundle.unit-test";
		};
/* End PBXNativeTarget section */

/* Begin PBXProject section */
		B37573232245696C00FE82D2 /* Project object */ = {
			isa = PBXProject;
			attributes = {
				LastSwiftUpdateCheck = 1010;
				LastUpgradeCheck = 1010;
				ORGANIZATIONNAME = "Christopher Thiebaut";
				TargetAttributes = {
					B375732A2245696C00FE82D2 = {
						CreatedOnToolsVersion = 10.1;
					};
					B375733E2245696E00FE82D2 = {
						CreatedOnToolsVersion = 10.1;
						LastSwiftMigration = 1010;
						TestTargetID = B375732A2245696C00FE82D2;
					};
				};
			};
			buildConfigurationList = B37573262245696C00FE82D2 /* Build configuration list for PBXProject "GitHub Browser" */;
			compatibilityVersion = "Xcode 9.3";
			developmentRegion = en;
			hasScannedForEncodings = 0;
			knownRegions = (
				en,
				Base,
			);
			mainGroup = B37573222245696C00FE82D2;
			productRefGroup = B375732C2245696C00FE82D2 /* Products */;
			projectDirPath = "";
			projectRoot = "";
			targets = (
				B375732A2245696C00FE82D2 /* GitHub Browser */,
				B375733E2245696E00FE82D2 /* GitHub BrowserTests */,
			);
		};
/* End PBXProject section */

/* Begin PBXResourcesBuildPhase section */
		B37573292245696C00FE82D2 /* Resources */ = {
			isa = PBXResourcesBuildPhase;
			buildActionMask = 2147483647;
			files = (
				B37573392245696E00FE82D2 /* LaunchScreen.storyboard in Resources */,
				B37573362245696E00FE82D2 /* Assets.xcassets in Resources */,
				B37573342245696C00FE82D2 /* Main.storyboard in Resources */,
			);
			runOnlyForDeploymentPostprocessing = 0;
		};
		B375733D2245696E00FE82D2 /* Resources */ = {
			isa = PBXResourcesBuildPhase;
			buildActionMask = 2147483647;
			files = (
			);
			runOnlyForDeploymentPostprocessing = 0;
		};
/* End PBXResourcesBuildPhase section */

/* Begin PBXSourcesBuildPhase section */
		B37573272245696C00FE82D2 /* Sources */ = {
			isa = PBXSourcesBuildPhase;
			buildActionMask = 2147483647;
			files = (
				B37573312245696C00FE82D2 /* ViewController.swift in Sources */,
				B375732F2245696C00FE82D2 /* AppDelegate.swift in Sources */,
				B375734F22457A7900FE82D2 /* GitHubQuery.swift in Sources */,
			);
			runOnlyForDeploymentPostprocessing = 0;
		};
		B375733B2245696E00FE82D2 /* Sources */ = {
			isa = PBXSourcesBuildPhase;
			buildActionMask = 2147483647;
			files = (
				B394E3882246FD3F00259E6E /* GitHubQueryTests.swift in Sources */,
			);
			runOnlyForDeploymentPostprocessing = 0;
		};
/* End PBXSourcesBuildPhase section */

/* Begin PBXTargetDependency section */
		B37573412245696E00FE82D2 /* PBXTargetDependency */ = {
			isa = PBXTargetDependency;
			target = B375732A2245696C00FE82D2 /* GitHub Browser */;
			targetProxy = B37573402245696E00FE82D2 /* PBXContainerItemProxy */;
		};
/* End PBXTargetDependency section */

/* Begin PBXVariantGroup section */
		B37573322245696C00FE82D2 /* Main.storyboard */ = {
			isa = PBXVariantGroup;
			children = (
				B37573332245696C00FE82D2 /* Base */,
			);
			name = Main.storyboard;
			sourceTree = "<group>";
		};
		B37573372245696E00FE82D2 /* LaunchScreen.storyboard */ = {
			isa = PBXVariantGroup;
			children = (
				B37573382245696E00FE82D2 /* Base */,
			);
			name = LaunchScreen.storyboard;
			sourceTree = "<group>";
		};
/* End PBXVariantGroup section */

/* Begin XCBuildConfiguration section */
		B37573462245696E00FE82D2 /* Debug */ = {
			isa = XCBuildConfiguration;
			buildSettings = {
				ALWAYS_SEARCH_USER_PATHS = NO;
				CLANG_ANALYZER_NONNULL = YES;
				CLANG_ANALYZER_NUMBER_OBJECT_CONVERSION = YES_AGGRESSIVE;
				CLANG_CXX_LANGUAGE_STANDARD = "gnu++14";
				CLANG_CXX_LIBRARY = "libc++";
				CLANG_ENABLE_MODULES = YES;
				CLANG_ENABLE_OBJC_ARC = YES;
				CLANG_ENABLE_OBJC_WEAK = YES;
				CLANG_WARN_BLOCK_CAPTURE_AUTORELEASING = YES;
				CLANG_WARN_BOOL_CONVERSION = YES;
				CLANG_WARN_COMMA = YES;
				CLANG_WARN_CONSTANT_CONVERSION = YES;
				CLANG_WARN_DEPRECATED_OBJC_IMPLEMENTATIONS = YES;
				CLANG_WARN_DIRECT_OBJC_ISA_USAGE = YES_ERROR;
				CLANG_WARN_DOCUMENTATION_COMMENTS = YES;
				CLANG_WARN_EMPTY_BODY = YES;
				CLANG_WARN_ENUM_CONVERSION = YES;
				CLANG_WARN_INFINITE_RECURSION = YES;
				CLANG_WARN_INT_CONVERSION = YES;
				CLANG_WARN_NON_LITERAL_NULL_CONVERSION = YES;
				CLANG_WARN_OBJC_IMPLICIT_RETAIN_SELF = YES;
				CLANG_WARN_OBJC_LITERAL_CONVERSION = YES;
				CLANG_WARN_OBJC_ROOT_CLASS = YES_ERROR;
				CLANG_WARN_RANGE_LOOP_ANALYSIS = YES;
				CLANG_WARN_STRICT_PROTOTYPES = YES;
				CLANG_WARN_SUSPICIOUS_MOVE = YES;
				CLANG_WARN_UNGUARDED_AVAILABILITY = YES_AGGRESSIVE;
				CLANG_WARN_UNREACHABLE_CODE = YES;
				CLANG_WARN__DUPLICATE_METHOD_MATCH = YES;
				CODE_SIGN_IDENTITY = "iPhone Developer";
				COPY_PHASE_STRIP = NO;
				DEBUG_INFORMATION_FORMAT = dwarf;
				ENABLE_STRICT_OBJC_MSGSEND = YES;
				ENABLE_TESTABILITY = YES;
				GCC_C_LANGUAGE_STANDARD = gnu11;
				GCC_DYNAMIC_NO_PIC = NO;
				GCC_NO_COMMON_BLOCKS = YES;
				GCC_OPTIMIZATION_LEVEL = 0;
				GCC_PREPROCESSOR_DEFINITIONS = (
					"DEBUG=1",
					"$(inherited)",
				);
				GCC_WARN_64_TO_32_BIT_CONVERSION = YES;
				GCC_WARN_ABOUT_RETURN_TYPE = YES_ERROR;
				GCC_WARN_UNDECLARED_SELECTOR = YES;
				GCC_WARN_UNINITIALIZED_AUTOS = YES_AGGRESSIVE;
				GCC_WARN_UNUSED_FUNCTION = YES;
				GCC_WARN_UNUSED_VARIABLE = YES;
				IPHONEOS_DEPLOYMENT_TARGET = 12.1;
				MTL_ENABLE_DEBUG_INFO = INCLUDE_SOURCE;
				MTL_FAST_MATH = YES;
				ONLY_ACTIVE_ARCH = YES;
				SDKROOT = iphoneos;
				SWIFT_ACTIVE_COMPILATION_CONDITIONS = DEBUG;
				SWIFT_OPTIMIZATION_LEVEL = "-Onone";
			};
			name = Debug;
		};
		B37573472245696E00FE82D2 /* Release */ = {
			isa = XCBuildConfiguration;
			buildSettings = {
				ALWAYS_SEARCH_USER_PATHS = NO;
				CLANG_ANALYZER_NONNULL = YES;
				CLANG_ANALYZER_NUMBER_OBJECT_CONVERSION = YES_AGGRESSIVE;
				CLANG_CXX_LANGUAGE_STANDARD = "gnu++14";
				CLANG_CXX_LIBRARY = "libc++";
				CLANG_ENABLE_MODULES = YES;
				CLANG_ENABLE_OBJC_ARC = YES;
				CLANG_ENABLE_OBJC_WEAK = YES;
				CLANG_WARN_BLOCK_CAPTURE_AUTORELEASING = YES;
				CLANG_WARN_BOOL_CONVERSION = YES;
				CLANG_WARN_COMMA = YES;
				CLANG_WARN_CONSTANT_CONVERSION = YES;
				CLANG_WARN_DEPRECATED_OBJC_IMPLEMENTATIONS = YES;
				CLANG_WARN_DIRECT_OBJC_ISA_USAGE = YES_ERROR;
				CLANG_WARN_DOCUMENTATION_COMMENTS = YES;
				CLANG_WARN_EMPTY_BODY = YES;
				CLANG_WARN_ENUM_CONVERSION = YES;
				CLANG_WARN_INFINITE_RECURSION = YES;
				CLANG_WARN_INT_CONVERSION = YES;
				CLANG_WARN_NON_LITERAL_NULL_CONVERSION = YES;
				CLANG_WARN_OBJC_IMPLICIT_RETAIN_SELF = YES;
				CLANG_WARN_OBJC_LITERAL_CONVERSION = YES;
				CLANG_WARN_OBJC_ROOT_CLASS = YES_ERROR;
				CLANG_WARN_RANGE_LOOP_ANALYSIS = YES;
				CLANG_WARN_STRICT_PROTOTYPES = YES;
				CLANG_WARN_SUSPICIOUS_MOVE = YES;
				CLANG_WARN_UNGUARDED_AVAILABILITY = YES_AGGRESSIVE;
				CLANG_WARN_UNREACHABLE_CODE = YES;
				CLANG_WARN__DUPLICATE_METHOD_MATCH = YES;
				CODE_SIGN_IDENTITY = "iPhone Developer";
				COPY_PHASE_STRIP = NO;
				DEBUG_INFORMATION_FORMAT = "dwarf-with-dsym";
				ENABLE_NS_ASSERTIONS = NO;
				ENABLE_STRICT_OBJC_MSGSEND = YES;
				GCC_C_LANGUAGE_STANDARD = gnu11;
				GCC_NO_COMMON_BLOCKS = YES;
				GCC_WARN_64_TO_32_BIT_CONVERSION = YES;
				GCC_WARN_ABOUT_RETURN_TYPE = YES_ERROR;
				GCC_WARN_UNDECLARED_SELECTOR = YES;
				GCC_WARN_UNINITIALIZED_AUTOS = YES_AGGRESSIVE;
				GCC_WARN_UNUSED_FUNCTION = YES;
				GCC_WARN_UNUSED_VARIABLE = YES;
				IPHONEOS_DEPLOYMENT_TARGET = 12.1;
				MTL_ENABLE_DEBUG_INFO = NO;
				MTL_FAST_MATH = YES;
				SDKROOT = iphoneos;
				SWIFT_COMPILATION_MODE = wholemodule;
				SWIFT_OPTIMIZATION_LEVEL = "-O";
				VALIDATE_PRODUCT = YES;
			};
			name = Release;
		};
		B37573492245696E00FE82D2 /* Debug */ = {
			isa = XCBuildConfiguration;
			buildSettings = {
				ASSETCATALOG_COMPILER_APPICON_NAME = AppIcon;
				CODE_SIGN_STYLE = Automatic;
				DEVELOPMENT_TEAM = JM5E6M7XJW;
				INFOPLIST_FILE = "GitHub Browser/Info.plist";
				LD_RUNPATH_SEARCH_PATHS = (
					"$(inherited)",
					"@executable_path/Frameworks",
				);
				PRODUCT_BUNDLE_IDENTIFIER = "com.christopherthiebaut.GitHub-Browser";
				PRODUCT_NAME = "$(TARGET_NAME)";
				SWIFT_VERSION = 4.2;
				TARGETED_DEVICE_FAMILY = "1,2";
			};
			name = Debug;
		};
		B375734A2245696E00FE82D2 /* Release */ = {
			isa = XCBuildConfiguration;
			buildSettings = {
				ASSETCATALOG_COMPILER_APPICON_NAME = AppIcon;
				CODE_SIGN_STYLE = Automatic;
				DEVELOPMENT_TEAM = JM5E6M7XJW;
				INFOPLIST_FILE = "GitHub Browser/Info.plist";
				LD_RUNPATH_SEARCH_PATHS = (
					"$(inherited)",
					"@executable_path/Frameworks",
				);
				PRODUCT_BUNDLE_IDENTIFIER = "com.christopherthiebaut.GitHub-Browser";
				PRODUCT_NAME = "$(TARGET_NAME)";
				SWIFT_VERSION = 4.2;
				TARGETED_DEVICE_FAMILY = "1,2";
			};
			name = Release;
		};
		B375734C2245696E00FE82D2 /* Debug */ = {
			isa = XCBuildConfiguration;
			buildSettings = {
				ALWAYS_EMBED_SWIFT_STANDARD_LIBRARIES = YES;
				BUNDLE_LOADER = "$(TEST_HOST)";
				CLANG_ENABLE_MODULES = YES;
				CODE_SIGN_STYLE = Automatic;
				DEVELOPMENT_TEAM = JM5E6M7XJW;
				INFOPLIST_FILE = "GitHub BrowserTests/Info.plist";
				LD_RUNPATH_SEARCH_PATHS = (
					"$(inherited)",
					"@executable_path/Frameworks",
					"@loader_path/Frameworks",
				);
				PRODUCT_BUNDLE_IDENTIFIER = "com.christopherthiebaut.GitHub-BrowserTests";
				PRODUCT_NAME = "$(TARGET_NAME)";
				SWIFT_OPTIMIZATION_LEVEL = "-Onone";
				SWIFT_VERSION = 4.2;
				TARGETED_DEVICE_FAMILY = "1,2";
				TEST_HOST = "$(BUILT_PRODUCTS_DIR)/GitHub Browser.app/GitHub Browser";
			};
			name = Debug;
		};
		B375734D2245696E00FE82D2 /* Release */ = {
			isa = XCBuildConfiguration;
			buildSettings = {
				ALWAYS_EMBED_SWIFT_STANDARD_LIBRARIES = YES;
				BUNDLE_LOADER = "$(TEST_HOST)";
				CLANG_ENABLE_MODULES = YES;
				CODE_SIGN_STYLE = Automatic;
				DEVELOPMENT_TEAM = JM5E6M7XJW;
				INFOPLIST_FILE = "GitHub BrowserTests/Info.plist";
				LD_RUNPATH_SEARCH_PATHS = (
					"$(inherited)",
					"@executable_path/Frameworks",
					"@loader_path/Frameworks",
				);
				PRODUCT_BUNDLE_IDENTIFIER = "com.christopherthiebaut.GitHub-BrowserTests";
				PRODUCT_NAME = "$(TARGET_NAME)";
				SWIFT_VERSION = 4.2;
				TARGETED_DEVICE_FAMILY = "1,2";
				TEST_HOST = "$(BUILT_PRODUCTS_DIR)/GitHub Browser.app/GitHub Browser";
			};
			name = Release;
		};
/* End XCBuildConfiguration section */

/* Begin XCConfigurationList section */
		B37573262245696C00FE82D2 /* Build configuration list for PBXProject "GitHub Browser" */ = {
			isa = XCConfigurationList;
			buildConfigurations = (
				B37573462245696E00FE82D2 /* Debug */,
				B37573472245696E00FE82D2 /* Release */,
			);
			defaultConfigurationIsVisible = 0;
			defaultConfigurationName = Release;
		};
		B37573482245696E00FE82D2 /* Build configuration list for PBXNativeTarget "GitHub Browser" */ = {
			isa = XCConfigurationList;
			buildConfigurations = (
				B37573492245696E00FE82D2 /* Debug */,
				B375734A2245696E00FE82D2 /* Release */,
			);
			defaultConfigurationIsVisible = 0;
			defaultConfigurationName = Release;
		};
		B375734B2245696E00FE82D2 /* Build configuration list for PBXNativeTarget "GitHub BrowserTests" */ = {
			isa = XCConfigurationList;
			buildConfigurations = (
				B375734C2245696E00FE82D2 /* Debug */,
				B375734D2245696E00FE82D2 /* Release */,
			);
			defaultConfigurationIsVisible = 0;
			defaultConfigurationName = Release;
		};
/* End XCConfigurationList section */
	};
	rootObject = B37573232245696C00FE82D2 /* Project object */;
}
